
Microsoft Visual Studio Solution File, Format Version 12.00
# Visual Studio Version 17
VisualStudioVersion = 17.3.32922.545
MinimumVisualStudioVersion = 10.0.40219.1
Project("{FAE04EC0-301F-11D3-BF4B-00C04F79EFBC}") = "CarSalesProject2", "CarSalesProject2.csproj", "{EBA54E5D-E665-4160-9DE0-149CDB677F52}"
EndProject
Global
	GlobalSection(SolutionConfigurationPlatforms) = preSolution
		Debug|Any CPU = Debug|Any CPU
		Release|Any CPU = Release|Any CPU
	EndGlobalSection
	GlobalSection(ProjectConfigurationPlatforms) = postSolution
		{EBA54E5D-E665-4160-9DE0-149CDB677F52}.Debug|Any CPU.ActiveCfg = Debug|Any CPU
		{EBA54E5D-E665-4160-9DE0-149CDB677F52}.Debug|Any CPU.Build.0 = Debug|Any CPU
		{EBA54E5D-E665-4160-9DE0-149CDB677F52}.Release|Any CPU.ActiveCfg = Release|Any CPU
		{EBA54E5D-E665-4160-9DE0-149CDB677F52}.Release|Any CPU.Build.0 = Release|Any CPU
	EndGlobalSection
	GlobalSection(SolutionProperties) = preSolution
		HideSolutionNode = FALSE
	EndGlobalSection
	GlobalSection(ExtensibilityGlobals) = postSolution
		SolutionGuid = {B3AC153A-67A9-483E-8DFF-6187CAD6128C}
	EndGlobalSection
EndGlobal
